
Microsoft Visual Studio Solution File, Format Version 12.00
# Visual Studio 14
VisualStudioVersion = 14.0.24720.0
MinimumVisualStudioVersion = 10.0.40219.1
Project("{FAE04EC0-301F-11D3-BF4B-00C04F79EFBC}") = "Spreadsheet_MShoop", "Spreadsheet_MShoop\Spreadsheet_MShoop.csproj", "{ADDE7E70-C805-43A6-8D7F-A4BA202776B6}"
EndProject
Project("{FAE04EC0-301F-11D3-BF4B-00C04F79EFBC}") = "SpreadsheetEngine", "SpreadsheetEngine\SpreadsheetEngine.csproj", "{990ACB08-766D-4285-86FD-F296890BC7A1}"
EndProject
Project("{FAE04EC0-301F-11D3-BF4B-00C04F79EFBC}") = "ExpressionEngine", "ExpressionEngine\ExpressionEngine.csproj", "{66A27C71-44B8-44B2-9D98-E83996F53D78}"
EndProject
Global
	GlobalSection(SolutionConfigurationPlatforms) = preSolution
		Debug|Any CPU = Debug|Any CPU
		Release|Any CPU = Release|Any CPU
	EndGlobalSection
	GlobalSection(ProjectConfigurationPlatforms) = postSolution
		{ADDE7E70-C805-43A6-8D7F-A4BA202776B6}.Debug|Any CPU.ActiveCfg = Debug|Any CPU
		{ADDE7E70-C805-43A6-8D7F-A4BA202776B6}.Debug|Any CPU.Build.0 = Debug|Any CPU
		{ADDE7E70-C805-43A6-8D7F-A4BA202776B6}.Release|Any CPU.ActiveCfg = Release|Any CPU
		{ADDE7E70-C805-43A6-8D7F-A4BA202776B6}.Release|Any CPU.Build.0 = Release|Any CPU
		{990ACB08-766D-4285-86FD-F296890BC7A1}.Debug|Any CPU.ActiveCfg = Debug|Any CPU
		{990ACB08-766D-4285-86FD-F296890BC7A1}.Debug|Any CPU.Build.0 = Debug|Any CPU
		{990ACB08-766D-4285-86FD-F296890BC7A1}.Release|Any CPU.ActiveCfg = Release|Any CPU
		{990ACB08-766D-4285-86FD-F296890BC7A1}.Release|Any CPU.Build.0 = Release|Any CPU
		{66A27C71-44B8-44B2-9D98-E83996F53D78}.Debug|Any CPU.ActiveCfg = Debug|Any CPU
		{66A27C71-44B8-44B2-9D98-E83996F53D78}.Debug|Any CPU.Build.0 = Debug|Any CPU
		{66A27C71-44B8-44B2-9D98-E83996F53D78}.Release|Any CPU.ActiveCfg = Release|Any CPU
		{66A27C71-44B8-44B2-9D98-E83996F53D78}.Release|Any CPU.Build.0 = Release|Any CPU
	EndGlobalSection
	GlobalSection(SolutionProperties) = preSolution
		HideSolutionNode = FALSE
	EndGlobalSection
EndGlobal
